
Microsoft Visual Studio Solution File, Format Version 12.00
# Visual Studio Version 17
VisualStudioVersion = 17.11.35431.28
MinimumVisualStudioVersion = 10.0.40219.1
Project("{9A19103F-16F7-4668-BE54-9A1E7A4F7556}") = "AOC2024", "AOC2024.csproj", "{7E06582D-528D-459B-8E79-412F3AF08731}"
EndProject
Global
	GlobalSection(SolutionConfigurationPlatforms) = preSolution
		Debug|Any CPU = Debug|Any CPU
		Release|Any CPU = Release|Any CPU
	EndGlobalSection
	GlobalSection(ProjectConfigurationPlatforms) = postSolution
		{7E06582D-528D-459B-8E79-412F3AF08731}.Debug|Any CPU.ActiveCfg = Debug|Any CPU
		{7E06582D-528D-459B-8E79-412F3AF08731}.Debug|Any CPU.Build.0 = Debug|Any CPU
		{7E06582D-528D-459B-8E79-412F3AF08731}.Release|Any CPU.ActiveCfg = Release|Any CPU
		{7E06582D-528D-459B-8E79-412F3AF08731}.Release|Any CPU.Build.0 = Release|Any CPU
	EndGlobalSection
	GlobalSection(SolutionProperties) = preSolution
		HideSolutionNode = FALSE
	EndGlobalSection
	GlobalSection(ExtensibilityGlobals) = postSolution
		SolutionGuid = {3657471A-A24C-4D37-820A-8D08DFD7084B}
	EndGlobalSection
EndGlobal
